
Microsoft Visual Studio Solution File, Format Version 12.00
# Visual Studio 15
VisualStudioVersion = 15.0.28010.2036
MinimumVisualStudioVersion = 10.0.40219.1
Project("{888888A0-9F3D-457C-B088-3A5042F75D52}") = "Secure_WIN_X", "Secure_WIN_X\Secure_WIN_X.pyproj", "{233A554F-159B-4373-A717-91FC2151EF5F}"
EndProject
Global
	GlobalSection(SolutionConfigurationPlatforms) = preSolution
		Debug|Any CPU = Debug|Any CPU
		Release|Any CPU = Release|Any CPU
	EndGlobalSection
	GlobalSection(ProjectConfigurationPlatforms) = postSolution
		{233A554F-159B-4373-A717-91FC2151EF5F}.Debug|Any CPU.ActiveCfg = Debug|Any CPU
		{233A554F-159B-4373-A717-91FC2151EF5F}.Release|Any CPU.ActiveCfg = Release|Any CPU
	EndGlobalSection
	GlobalSection(SolutionProperties) = preSolution
		HideSolutionNode = FALSE
	EndGlobalSection
	GlobalSection(ExtensibilityGlobals) = postSolution
		SolutionGuid = {6BE4AA52-0E0B-49CD-B0ED-EFE30D8B60C5}
	EndGlobalSection
EndGlobal
